
Microsoft Visual Studio Solution File, Format Version 12.00
# Visual Studio 15
Project("{FAE04EC0-301F-11D3-BF4B-00C04F79EFBC}") = "Assembly-CSharp", "Assembly-CSharp.csproj", "{1940C9C2-081B-BC7B-39E4-E64CD65DA0C0}"
EndProject
Project("{FAE04EC0-301F-11D3-BF4B-00C04F79EFBC}") = "Assembly-CSharp-Editor", "Assembly-CSharp-Editor.csproj", "{6770AE95-7529-B0FE-5529-CA885182556A}"
EndProject
Global
	GlobalSection(SolutionConfigurationPlatforms) = preSolution
		Debug|Any CPU = Debug|Any CPU
		Release|Any CPU = Release|Any CPU
	EndGlobalSection
	GlobalSection(ProjectConfigurationPlatforms) = postSolution
		{1940C9C2-081B-BC7B-39E4-E64CD65DA0C0}.Debug|Any CPU.ActiveCfg = Debug|Any CPU
		{1940C9C2-081B-BC7B-39E4-E64CD65DA0C0}.Debug|Any CPU.Build.0 = Debug|Any CPU
		{1940C9C2-081B-BC7B-39E4-E64CD65DA0C0}.Release|Any CPU.ActiveCfg = Release|Any CPU
		{1940C9C2-081B-BC7B-39E4-E64CD65DA0C0}.Release|Any CPU.Build.0 = Release|Any CPU
		{6770AE95-7529-B0FE-5529-CA885182556A}.Debug|Any CPU.ActiveCfg = Debug|Any CPU
		{6770AE95-7529-B0FE-5529-CA885182556A}.Debug|Any CPU.Build.0 = Debug|Any CPU
		{6770AE95-7529-B0FE-5529-CA885182556A}.Release|Any CPU.ActiveCfg = Release|Any CPU
		{6770AE95-7529-B0FE-5529-CA885182556A}.Release|Any CPU.Build.0 = Release|Any CPU
	EndGlobalSection
	GlobalSection(SolutionProperties) = preSolution
		HideSolutionNode = FALSE
	EndGlobalSection
EndGlobal
